
Microsoft Visual Studio Solution File, Format Version 12.00
# Visual Studio 15
VisualStudioVersion = 15.0.27130.2020
MinimumVisualStudioVersion = 10.0.40219.1
Project("{FAE04EC0-301F-11D3-BF4B-00C04F79EFBC}") = "Munit", "Munit\Munit.csproj", "{89D80D0D-ED5C-47A0-ADD1-90D813DA3A68}"
EndProject
Global
	GlobalSection(SolutionConfigurationPlatforms) = preSolution
		Debug|Any CPU = Debug|Any CPU
		Release|Any CPU = Release|Any CPU
	EndGlobalSection
	GlobalSection(ProjectConfigurationPlatforms) = postSolution
		{89D80D0D-ED5C-47A0-ADD1-90D813DA3A68}.Debug|Any CPU.ActiveCfg = Debug|Any CPU
		{89D80D0D-ED5C-47A0-ADD1-90D813DA3A68}.Debug|Any CPU.Build.0 = Debug|Any CPU
		{89D80D0D-ED5C-47A0-ADD1-90D813DA3A68}.Release|Any CPU.ActiveCfg = Release|Any CPU
		{89D80D0D-ED5C-47A0-ADD1-90D813DA3A68}.Release|Any CPU.Build.0 = Release|Any CPU
	EndGlobalSection
	GlobalSection(SolutionProperties) = preSolution
		HideSolutionNode = FALSE
	EndGlobalSection
	GlobalSection(ExtensibilityGlobals) = postSolution
		SolutionGuid = {60E025D1-77E7-49CC-A0F9-56222DC8E50B}
	EndGlobalSection
EndGlobal
